# Pinned versions of the binaries bundled into the app.
#
# yt-dlp is NOT committed to the repository. It changes every week (extraction breaks
# constantly upstream), and committing a 37 MB binary weekly grew .git by ~350 MB before
# this file existed. It is fetched at build time by scripts/fetch-yt-dlp.sh and verified
# against the checksums yt-dlp publishes for that exact release.
#
# To bump: change the version here. .github/workflows/update-yt-dlp.yml does this
# automatically once a week and opens the change as a normal commit — a one-line diff
# instead of a binary blob.
YT_DLP_VERSION=2026.08.19

# ffmpeg and ffprobe (macOS, arm64) are built from source by
# .github/workflows/build-ffmpeg.yml and published as a pre-release asset of this repo.
# scripts/fetch-ffmpeg.sh downloads the build named here and checks it against the hash.
#
# To upgrade: bump the versions (and REVISION) in scripts/build-ffmpeg.sh, then run the
# "Build ffmpeg" workflow. It builds, smoke-tests and publishes, then rewrites both lines
# below in a commit of its own. Never edit them by hand.
FFMPEG_MACOS_BUILD=
FFMPEG_MACOS_SHA256=
